
Microsoft Visual Studio Solution File, Format Version 12.00
# Visual Studio Version 16
VisualStudioVersion = 16.0.29009.5
MinimumVisualStudioVersion = 10.0.40219.1
Project("{FAE04EC0-301F-11D3-BF4B-00C04F79EFBC}") = "Issue7048.Android", "Issue7048\Issue7048.Android\Issue7048.Android.csproj", "{7C0CA869-A814-4838-A79F-FDAB42F04120}"
EndProject
Project("{FAE04EC0-301F-11D3-BF4B-00C04F79EFBC}") = "Issue7048.iOS", "Issue7048\Issue7048.iOS\Issue7048.iOS.csproj", "{E839FDE7-CD08-4ACD-92BC-D9265D029917}"
EndProject
Project("{9A19103F-16F7-4668-BE54-9A1E7A4F7556}") = "Issue7048", "Issue7048\Issue7048\Issue7048.csproj", "{E39AB6D4-CDBA-4945-98C2-C8CFFD24E756}"
EndProject
Project("{FAE04EC0-301F-11D3-BF4B-00C04F79EFBC}") = "Issue7048.UWP", "Issue7048\Issue7048.UWP\Issue7048.UWP.csproj", "{3EAC30E7-1609-4FF5-8F96-106C3F077A2E}"
EndProject
Global
	GlobalSection(SolutionConfigurationPlatforms) = preSolution
		Debug|Any CPU = Debug|Any CPU
		Debug|ARM = Debug|ARM
		Debug|ARM64 = Debug|ARM64
		Debug|iPhone = Debug|iPhone
		Debug|iPhoneSimulator = Debug|iPhoneSimulator
		Debug|x64 = Debug|x64
		Debug|x86 = Debug|x86
		Release|Any CPU = Release|Any CPU
		Release|ARM = Release|ARM
		Release|ARM64 = Release|ARM64
		Release|iPhone = Release|iPhone
		Release|iPhoneSimulator = Release|iPhoneSimulator
		Release|x64 = Release|x64
		Release|x86 = Release|x86
	EndGlobalSection
	GlobalSection(ProjectConfigurationPlatforms) = postSolution
		{7C0CA869-A814-4838-A79F-FDAB42F04120}.Debug|Any CPU.ActiveCfg = Debug|Any CPU
		{7C0CA869-A814-4838-A79F-FDAB42F04120}.Debug|Any CPU.Build.0 = Debug|Any CPU
		{7C0CA869-A814-4838-A79F-FDAB42F04120}.Debug|Any CPU.Deploy.0 = Debug|Any CPU
		{7C0CA869-A814-4838-A79F-FDAB42F04120}.Debug|ARM.ActiveCfg = Debug|Any CPU
		{7C0CA869-A814-4838-A79F-FDAB42F04120}.Debug|ARM.Build.0 = Debug|Any CPU
		{7C0CA869-A814-4838-A79F-FDAB42F04120}.Debug|ARM.Deploy.0 = Debug|Any CPU
		{7C0CA869-A814-4838-A79F-FDAB42F04120}.Debug|ARM64.ActiveCfg = Debug|Any CPU
		{7C0CA869-A814-4838-A79F-FDAB42F04120}.Debug|ARM64.Build.0 = Debug|Any CPU
		{7C0CA869-A814-4838-A79F-FDAB42F04120}.Debug|ARM64.Deploy.0 = Debug|Any CPU
		{7C0CA869-A814-4838-A79F-FDAB42F04120}.Debug|iPhone.ActiveCfg = Debug|Any CPU
		{7C0CA869-A814-4838-A79F-FDAB42F04120}.Debug|iPhone.Build.0 = Debug|Any CPU
		{7C0CA869-A814-4838-A79F-FDAB42F04120}.Debug|iPhone.Deploy.0 = Debug|Any CPU
		{7C0CA869-A814-4838-A79F-FDAB42F04120}.Debug|iPhoneSimulator.ActiveCfg = Debug|Any CPU
		{7C0CA869-A814-4838-A79F-FDAB42F04120}.Debug|iPhoneSimulator.Build.0 = Debug|Any CPU
		{7C0CA869-A814-4838-A79F-FDAB42F04120}.Debug|iPhoneSimulator.Deploy.0 = Debug|Any CPU
		{7C0CA869-A814-4838-A79F-FDAB42F04120}.Debug|x64.ActiveCfg = Debug|Any CPU
		{7C0CA869-A814-4838-A79F-FDAB42F04120}.Debug|x64.Build.0 = Debug|Any CPU
		{7C0CA869-A814-4838-A79F-FDAB42F04120}.Debug|x64.Deploy.0 = Debug|Any CPU
		{7C0CA869-A814-4838-A79F-FDAB42F04120}.Debug|x86.ActiveCfg = Debug|Any CPU
		{7C0CA869-A814-4838-A79F-FDAB42F04120}.Debug|x86.Build.0 = Debug|Any CPU
		{7C0CA869-A814-4838-A79F-FDAB42F04120}.Debug|x86.Deploy.0 = Debug|Any CPU
		{7C0CA869-A814-4838-A79F-FDAB42F04120}.Release|Any CPU.ActiveCfg = Release|Any CPU
		{7C0CA869-A814-4838-A79F-FDAB42F04120}.Release|Any CPU.Build.0 = Release|Any CPU
		{7C0CA869-A814-4838-A79F-FDAB42F04120}.Release|Any CPU.Deploy.0 = Release|Any CPU
		{7C0CA869-A814-4838-A79F-FDAB42F04120}.Release|ARM.ActiveCfg = Release|Any CPU
		{7C0CA869-A814-4838-A79F-FDAB42F04120}.Release|ARM.Build.0 = Release|Any CPU
		{7C0CA869-A814-4838-A79F-FDAB42F04120}.Release|ARM.Deploy.0 = Release|Any CPU
		{7C0CA869-A814-4838-A79F-FDAB42F04120}.Release|ARM64.ActiveCfg = Release|Any CPU
		{7C0CA869-A814-4838-A79F-FDAB42F04120}.Release|ARM64.Build.0 = Release|Any CPU
		{7C0CA869-A814-4838-A79F-FDAB42F04120}.Release|ARM64.Deploy.0 = Release|Any CPU
		{7C0CA869-A814-4838-A79F-FDAB42F04120}.Release|iPhone.ActiveCfg = Release|Any CPU
		{7C0CA869-A814-4838-A79F-FDAB42F04120}.Release|iPhone.Build.0 = Release|Any CPU
		{7C0CA869-A814-4838-A79F-FDAB42F04120}.Release|iPhone.Deploy.0 = Release|Any CPU
		{7C0CA869-A814-4838-A79F-FDAB42F04120}.Release|iPhoneSimulator.ActiveCfg = Release|Any CPU
		{7C0CA869-A814-4838-A79F-FDAB42F04120}.Release|iPhoneSimulator.Build.0 = Release|Any CPU
		{7C0CA869-A814-4838-A79F-FDAB42F04120}.Release|iPhoneSimulator.Deploy.0 = Release|Any CPU
		{7C0CA869-A814-4838-A79F-FDAB42F04120}.Release|x64.ActiveCfg = Release|Any CPU
		{7C0CA869-A814-4838-A79F-FDAB42F04120}.Release|x64.Build.0 = Release|Any CPU
		{7C0CA869-A814-4838-A79F-FDAB42F04120}.Release|x64.Deploy.0 = Release|Any CPU
		{7C0CA869-A814-4838-A79F-FDAB42F04120}.Release|x86.ActiveCfg = Release|Any CPU
		{7C0CA869-A814-4838-A79F-FDAB42F04120}.Release|x86.Build.0 = Release|Any CPU
		{7C0CA869-A814-4838-A79F-FDAB42F04120}.Release|x86.Deploy.0 = Release|Any CPU
		{E839FDE7-CD08-4ACD-92BC-D9265D029917}.Debug|Any CPU.ActiveCfg = Debug|iPhoneSimulator
		{E839FDE7-CD08-4ACD-92BC-D9265D029917}.Debug|Any CPU.Build.0 = Debug|iPhoneSimulator
		{E839FDE7-CD08-4ACD-92BC-D9265D029917}.Debug|Any CPU.Deploy.0 = Debug|iPhoneSimulator
		{E839FDE7-CD08-4ACD-92BC-D9265D029917}.Debug|ARM.ActiveCfg = Debug|iPhone
		{E839FDE7-CD08-4ACD-92BC-D9265D029917}.Debug|ARM64.ActiveCfg = Debug|iPhone
		{E839FDE7-CD08-4ACD-92BC-D9265D029917}.Debug|iPhone.ActiveCfg = Debug|iPhone
		{E839FDE7-CD08-4ACD-92BC-D9265D029917}.Debug|iPhone.Build.0 = Debug|iPhone
		{E839FDE7-CD08-4ACD-92BC-D9265D029917}.Debug|iPhone.Deploy.0 = Debug|iPhone
		{E839FDE7-CD08-4ACD-92BC-D9265D029917}.Debug|iPhoneSimulator.ActiveCfg = Debug|iPhoneSimulator
		{E839FDE7-CD08-4ACD-92BC-D9265D029917}.Debug|iPhoneSimulator.Build.0 = Debug|iPhoneSimulator
		{E839FDE7-CD08-4ACD-92BC-D9265D029917}.Debug|iPhoneSimulator.Deploy.0 = Debug|iPhoneSimulator
		{E839FDE7-CD08-4ACD-92BC-D9265D029917}.Debug|x64.ActiveCfg = Debug|iPhone
		{E839FDE7-CD08-4ACD-92BC-D9265D029917}.Debug|x86.ActiveCfg = Debug|iPhone
		{E839FDE7-CD08-4ACD-92BC-D9265D029917}.Release|Any CPU.ActiveCfg = Release|iPhone
		{E839FDE7-CD08-4ACD-92BC-D9265D029917}.Release|Any CPU.Build.0 = Release|iPhone
		{E839FDE7-CD08-4ACD-92BC-D9265D029917}.Release|Any CPU.Deploy.0 = Release|iPhone
		{E839FDE7-CD08-4ACD-92BC-D9265D029917}.Release|ARM.ActiveCfg = Release|iPhoneSimulator
		{E839FDE7-CD08-4ACD-92BC-D9265D029917}.Release|ARM64.ActiveCfg = Release|iPhoneSimulator
		{E839FDE7-CD08-4ACD-92BC-D9265D029917}.Release|iPhone.ActiveCfg = Release|iPhone
		{E839FDE7-CD08-4ACD-92BC-D9265D029917}.Release|iPhone.Build.0 = Release|iPhone
		{E839FDE7-CD08-4ACD-92BC-D9265D029917}.Release|iPhone.Deploy.0 = Release|iPhone
		{E839FDE7-CD08-4ACD-92BC-D9265D029917}.Release|iPhoneSimulator.ActiveCfg = Release|iPhoneSimulator
		{E839FDE7-CD08-4ACD-92BC-D9265D029917}.Release|iPhoneSimulator.Build.0 = Release|iPhoneSimulator
		{E839FDE7-CD08-4ACD-92BC-D9265D029917}.Release|iPhoneSimulator.Deploy.0 = Release|iPhoneSimulator
		{E839FDE7-CD08-4ACD-92BC-D9265D029917}.Release|x64.ActiveCfg = Release|iPhoneSimulator
		{E839FDE7-CD08-4ACD-92BC-D9265D029917}.Release|x86.ActiveCfg = Release|iPhoneSimulator
		{E39AB6D4-CDBA-4945-98C2-C8CFFD24E756}.Debug|Any CPU.ActiveCfg = Debug|Any CPU
		{E39AB6D4-CDBA-4945-98C2-C8CFFD24E756}.Debug|Any CPU.Build.0 = Debug|Any CPU
		{E39AB6D4-CDBA-4945-98C2-C8CFFD24E756}.Debug|Any CPU.Deploy.0 = Debug|Any CPU
		{E39AB6D4-CDBA-4945-98C2-C8CFFD24E756}.Debug|ARM.ActiveCfg = Debug|Any CPU
		{E39AB6D4-CDBA-4945-98C2-C8CFFD24E756}.Debug|ARM.Build.0 = Debug|Any CPU
		{E39AB6D4-CDBA-4945-98C2-C8CFFD24E756}.Debug|ARM64.ActiveCfg = Debug|Any CPU
		{E39AB6D4-CDBA-4945-98C2-C8CFFD24E756}.Debug|ARM64.Build.0 = Debug|Any CPU
		{E39AB6D4-CDBA-4945-98C2-C8CFFD24E756}.Debug|iPhone.ActiveCfg = Debug|Any CPU
		{E39AB6D4-CDBA-4945-98C2-C8CFFD24E756}.Debug|iPhone.Build.0 = Debug|Any CPU
		{E39AB6D4-CDBA-4945-98C2-C8CFFD24E756}.Debug|iPhone.Deploy.0 = Debug|Any CPU
		{E39AB6D4-CDBA-4945-98C2-C8CFFD24E756}.Debug|iPhoneSimulator.ActiveCfg = Debug|Any CPU
		{E39AB6D4-CDBA-4945-98C2-C8CFFD24E756}.Debug|iPhoneSimulator.Build.0 = Debug|Any CPU
		{E39AB6D4-CDBA-4945-98C2-C8CFFD24E756}.Debug|iPhoneSimulator.Deploy.0 = Debug|Any CPU
		{E39AB6D4-CDBA-4945-98C2-C8CFFD24E756}.Debug|x64.ActiveCfg = Debug|Any CPU
		{E39AB6D4-CDBA-4945-98C2-C8CFFD24E756}.Debug|x64.Build.0 = Debug|Any CPU
		{E39AB6D4-CDBA-4945-98C2-C8CFFD24E756}.Debug|x86.ActiveCfg = Debug|Any CPU
		{E39AB6D4-CDBA-4945-98C2-C8CFFD24E756}.Debug|x86.Build.0 = Debug|Any CPU
		{E39AB6D4-CDBA-4945-98C2-C8CFFD24E756}.Release|Any CPU.ActiveCfg = Release|Any CPU
		{E39AB6D4-CDBA-4945-98C2-C8CFFD24E756}.Release|Any CPU.Build.0 = Release|Any CPU
		{E39AB6D4-CDBA-4945-98C2-C8CFFD24E756}.Release|Any CPU.Deploy.0 = Release|Any CPU
		{E39AB6D4-CDBA-4945-98C2-C8CFFD24E756}.Release|ARM.ActiveCfg = Release|Any CPU
		{E39AB6D4-CDBA-4945-98C2-C8CFFD24E756}.Release|ARM.Build.0 = Release|Any CPU
		{E39AB6D4-CDBA-4945-98C2-C8CFFD24E756}.Release|ARM64.ActiveCfg = Release|Any CPU
		{E39AB6D4-CDBA-4945-98C2-C8CFFD24E756}.Release|ARM64.Build.0 = Release|Any CPU
		{E39AB6D4-CDBA-4945-98C2-C8CFFD24E756}.Release|iPhone.ActiveCfg = Release|Any CPU
		{E39AB6D4-CDBA-4945-98C2-C8CFFD24E756}.Release|iPhone.Build.0 = Release|Any CPU
		{E39AB6D4-CDBA-4945-98C2-C8CFFD24E756}.Release|iPhone.Deploy.0 = Release|Any CPU
		{E39AB6D4-CDBA-4945-98C2-C8CFFD24E756}.Release|iPhoneSimulator.ActiveCfg = Release|Any CPU
		{E39AB6D4-CDBA-4945-98C2-C8CFFD24E756}.Release|iPhoneSimulator.Build.0 = Release|Any CPU
		{E39AB6D4-CDBA-4945-98C2-C8CFFD24E756}.Release|iPhoneSimulator.Deploy.0 = Release|Any CPU
		{E39AB6D4-CDBA-4945-98C2-C8CFFD24E756}.Release|x64.ActiveCfg = Release|Any CPU
		{E39AB6D4-CDBA-4945-98C2-C8CFFD24E756}.Release|x64.Build.0 = Release|Any CPU
		{E39AB6D4-CDBA-4945-98C2-C8CFFD24E756}.Release|x86.ActiveCfg = Release|Any CPU
		{E39AB6D4-CDBA-4945-98C2-C8CFFD24E756}.Release|x86.Build.0 = Release|Any CPU
		{3EAC30E7-1609-4FF5-8F96-106C3F077A2E}.Debug|Any CPU.ActiveCfg = Debug|x86
		{3EAC30E7-1609-4FF5-8F96-106C3F077A2E}.Debug|ARM.ActiveCfg = Debug|ARM
		{3EAC30E7-1609-4FF5-8F96-106C3F077A2E}.Debug|ARM.Build.0 = Debug|ARM
		{3EAC30E7-1609-4FF5-8F96-106C3F077A2E}.Debug|ARM.Deploy.0 = Debug|ARM
		{3EAC30E7-1609-4FF5-8F96-106C3F077A2E}.Debug|ARM64.ActiveCfg = Debug|ARM64
		{3EAC30E7-1609-4FF5-8F96-106C3F077A2E}.Debug|ARM64.Build.0 = Debug|ARM64
		{3EAC30E7-1609-4FF5-8F96-106C3F077A2E}.Debug|ARM64.Deploy.0 = Debug|ARM64
		{3EAC30E7-1609-4FF5-8F96-106C3F077A2E}.Debug|iPhone.ActiveCfg = Debug|x86
		{3EAC30E7-1609-4FF5-8F96-106C3F077A2E}.Debug|iPhoneSimulator.ActiveCfg = Debug|x86
		{3EAC30E7-1609-4FF5-8F96-106C3F077A2E}.Debug|x64.ActiveCfg = Debug|x64
		{3EAC30E7-1609-4FF5-8F96-106C3F077A2E}.Debug|x64.Build.0 = Debug|x64
		{3EAC30E7-1609-4FF5-8F96-106C3F077A2E}.Debug|x64.Deploy.0 = Debug|x64
		{3EAC30E7-1609-4FF5-8F96-106C3F077A2E}.Debug|x86.ActiveCfg = Debug|x86
		{3EAC30E7-1609-4FF5-8F96-106C3F077A2E}.Debug|x86.Build.0 = Debug|x86
		{3EAC30E7-1609-4FF5-8F96-106C3F077A2E}.Debug|x86.Deploy.0 = Debug|x86
		{3EAC30E7-1609-4FF5-8F96-106C3F077A2E}.Release|Any CPU.ActiveCfg = Release|x86
		{3EAC30E7-1609-4FF5-8F96-106C3F077A2E}.Release|ARM.ActiveCfg = Release|ARM
		{3EAC30E7-1609-4FF5-8F96-106C3F077A2E}.Release|ARM.Build.0 = Release|ARM
		{3EAC30E7-1609-4FF5-8F96-106C3F077A2E}.Release|ARM.Deploy.0 = Release|ARM
		{3EAC30E7-1609-4FF5-8F96-106C3F077A2E}.Release|ARM64.ActiveCfg = Release|ARM64
		{3EAC30E7-1609-4FF5-8F96-106C3F077A2E}.Release|ARM64.Build.0 = Release|ARM64
		{3EAC30E7-1609-4FF5-8F96-106C3F077A2E}.Release|ARM64.Deploy.0 = Release|ARM64
		{3EAC30E7-1609-4FF5-8F96-106C3F077A2E}.Release|iPhone.ActiveCfg = Release|x86
		{3EAC30E7-1609-4FF5-8F96-106C3F077A2E}.Release|iPhoneSimulator.ActiveCfg = Release|x86
		{3EAC30E7-1609-4FF5-8F96-106C3F077A2E}.Release|x64.ActiveCfg = Release|x64
		{3EAC30E7-1609-4FF5-8F96-106C3F077A2E}.Release|x64.Build.0 = Release|x64
		{3EAC30E7-1609-4FF5-8F96-106C3F077A2E}.Release|x64.Deploy.0 = Release|x64
		{3EAC30E7-1609-4FF5-8F96-106C3F077A2E}.Release|x86.ActiveCfg = Release|x86
		{3EAC30E7-1609-4FF5-8F96-106C3F077A2E}.Release|x86.Build.0 = Release|x86
		{3EAC30E7-1609-4FF5-8F96-106C3F077A2E}.Release|x86.Deploy.0 = Release|x86
	EndGlobalSection
	GlobalSection(SolutionProperties) = preSolution
		HideSolutionNode = FALSE
	EndGlobalSection
	GlobalSection(ExtensibilityGlobals) = postSolution
		SolutionGuid = {02BF53D2-A460-47F3-A3B4-76FD4F47BB94}
	EndGlobalSection
EndGlobal
